
Microsoft Visual Studio Solution File, Format Version 12.00
Project("{FAE04EC0-301F-11D3-BF4B-00C04F79EFBC}") = "TESSwitch", "TESSwitch\TESSwitch.csproj", "{EB1C33A8-3008-440A-8D61-DF08592205FD}"
EndProject
Global
	GlobalSection(SolutionConfigurationPlatforms) = preSolution
		Debug|Any CPU = Debug|Any CPU
		Release|Any CPU = Release|Any CPU
	EndGlobalSection
	GlobalSection(ProjectConfigurationPlatforms) = postSolution
		{EB1C33A8-3008-440A-8D61-DF08592205FD}.Debug|Any CPU.ActiveCfg = Debug|Any CPU
		{EB1C33A8-3008-440A-8D61-DF08592205FD}.Debug|Any CPU.Build.0 = Debug|Any CPU
		{EB1C33A8-3008-440A-8D61-DF08592205FD}.Release|Any CPU.ActiveCfg = Release|Any CPU
		{EB1C33A8-3008-440A-8D61-DF08592205FD}.Release|Any CPU.Build.0 = Release|Any CPU
	EndGlobalSection
EndGlobal
